
Microsoft Visual Studio Solution File, Format Version 12.00
# Visual Studio Version 16
VisualStudioVersion = 25.0.1704.3
MinimumVisualStudioVersion = 10.0.40219.1
Project("{FAE04EC0-301F-11D3-BF4B-00C04F79EFBC}") = "hwkleetcode", "hwkleetcode\hwkleetcode.csproj", "{FCC766FD-868D-4E09-80AE-02F735C9CCB4}"
EndProject
Global
	GlobalSection(SolutionConfigurationPlatforms) = preSolution
		Debug|Any CPU = Debug|Any CPU
		Release|Any CPU = Release|Any CPU
	EndGlobalSection
	GlobalSection(ProjectConfigurationPlatforms) = postSolution
		{FCC766FD-868D-4E09-80AE-02F735C9CCB4}.Debug|Any CPU.ActiveCfg = Debug|Any CPU
		{FCC766FD-868D-4E09-80AE-02F735C9CCB4}.Debug|Any CPU.Build.0 = Debug|Any CPU
		{FCC766FD-868D-4E09-80AE-02F735C9CCB4}.Release|Any CPU.ActiveCfg = Release|Any CPU
		{FCC766FD-868D-4E09-80AE-02F735C9CCB4}.Release|Any CPU.Build.0 = Release|Any CPU
	EndGlobalSection
	GlobalSection(SolutionProperties) = preSolution
		HideSolutionNode = FALSE
	EndGlobalSection
	GlobalSection(ExtensibilityGlobals) = postSolution
		SolutionGuid = {E776EFD1-7076-49D8-88FC-7846670A5C6E}
	EndGlobalSection
EndGlobal
